
Microsoft Visual Studio Solution File, Format Version 12.00
# Visual Studio Version 17
VisualStudioVersion = 17.0.31919.166
MinimumVisualStudioVersion = 10.0.40219.1
Project("{FAE04EC0-301F-11D3-BF4B-00C04F79EFBC}") = "Semestr1_Lekcja4_2023", "Semestr1_Lekcja4_2023\Semestr1_Lekcja4_2023.csproj", "{1948821E-80EF-4052-99D2-1050102C0E7A}"
EndProject
Project("{FAE04EC0-301F-11D3-BF4B-00C04F79EFBC}") = "WprowadzenieForms", "Wprowadzenie_Forms\WprowadzenieForms.csproj", "{06DD1A00-C86C-4038-93E0-F63C41FFA1ED}"
EndProject
Project("{FAE04EC0-301F-11D3-BF4B-00C04F79EFBC}") = "Średnia_Ocen", "Średnia_Ocen\Średnia_Ocen.csproj", "{BEC4942C-C887-41F9-B58D-02E4505575B2}"
EndProject
Project("{FAE04EC0-301F-11D3-BF4B-00C04F79EFBC}") = "Zadanie3", "Zadanie3\Zadanie3.csproj", "{92EDE4DB-5A50-4D97-B336-0DF9F8B5E392}"
EndProject
Global
	GlobalSection(SolutionConfigurationPlatforms) = preSolution
		Debug|Any CPU = Debug|Any CPU
		Release|Any CPU = Release|Any CPU
	EndGlobalSection
	GlobalSection(ProjectConfigurationPlatforms) = postSolution
		{1948821E-80EF-4052-99D2-1050102C0E7A}.Debug|Any CPU.ActiveCfg = Debug|Any CPU
		{1948821E-80EF-4052-99D2-1050102C0E7A}.Debug|Any CPU.Build.0 = Debug|Any CPU
		{1948821E-80EF-4052-99D2-1050102C0E7A}.Release|Any CPU.ActiveCfg = Release|Any CPU
		{1948821E-80EF-4052-99D2-1050102C0E7A}.Release|Any CPU.Build.0 = Release|Any CPU
		{06DD1A00-C86C-4038-93E0-F63C41FFA1ED}.Debug|Any CPU.ActiveCfg = Debug|Any CPU
		{06DD1A00-C86C-4038-93E0-F63C41FFA1ED}.Debug|Any CPU.Build.0 = Debug|Any CPU
		{06DD1A00-C86C-4038-93E0-F63C41FFA1ED}.Release|Any CPU.ActiveCfg = Release|Any CPU
		{06DD1A00-C86C-4038-93E0-F63C41FFA1ED}.Release|Any CPU.Build.0 = Release|Any CPU
		{BEC4942C-C887-41F9-B58D-02E4505575B2}.Debug|Any CPU.ActiveCfg = Debug|Any CPU
		{BEC4942C-C887-41F9-B58D-02E4505575B2}.Debug|Any CPU.Build.0 = Debug|Any CPU
		{BEC4942C-C887-41F9-B58D-02E4505575B2}.Release|Any CPU.ActiveCfg = Release|Any CPU
		{BEC4942C-C887-41F9-B58D-02E4505575B2}.Release|Any CPU.Build.0 = Release|Any CPU
		{92EDE4DB-5A50-4D97-B336-0DF9F8B5E392}.Debug|Any CPU.ActiveCfg = Debug|Any CPU
		{92EDE4DB-5A50-4D97-B336-0DF9F8B5E392}.Debug|Any CPU.Build.0 = Debug|Any CPU
		{92EDE4DB-5A50-4D97-B336-0DF9F8B5E392}.Release|Any CPU.ActiveCfg = Release|Any CPU
		{92EDE4DB-5A50-4D97-B336-0DF9F8B5E392}.Release|Any CPU.Build.0 = Release|Any CPU
	EndGlobalSection
	GlobalSection(SolutionProperties) = preSolution
		HideSolutionNode = FALSE
	EndGlobalSection
	GlobalSection(ExtensibilityGlobals) = postSolution
		SolutionGuid = {C91CDE33-EDD1-4A45-B207-5E22D0E90B9B}
	EndGlobalSection
EndGlobal
